
Microsoft Visual Studio Solution File, Format Version 12.00
# Visual Studio Version 16
VisualStudioVersion = 16.0.30611.23
MinimumVisualStudioVersion = 10.0.40219.1
Project("{9A19103F-16F7-4668-BE54-9A1E7A4F7556}") = "MainMusicStore", "MainMusicStore\MainMusicStore.csproj", "{8E53A38F-9BC8-49E1-82E3-0FEEC09A88B6}"
EndProject
Project("{9A19103F-16F7-4668-BE54-9A1E7A4F7556}") = "MainMusicStore.DataAccess", "MainMusicStore.DataAccess\MainMusicStore.DataAccess.csproj", "{629603E1-9EC7-47EA-9CE9-BD1192AF8BBC}"
EndProject
Project("{9A19103F-16F7-4668-BE54-9A1E7A4F7556}") = "MainMusicStore.Models", "MainMusicStore.Models\MainMusicStore.Models.csproj", "{FB5ACF18-005D-4342-89F3-02AF28DEECD7}"
EndProject
Project("{9A19103F-16F7-4668-BE54-9A1E7A4F7556}") = "MainMusicStore.Utility", "MainStoreMusic.Utility\MainMusicStore.Utility.csproj", "{26A1B736-D2D6-4D7F-B540-0607D78DD906}"
EndProject
Global
	GlobalSection(SolutionConfigurationPlatforms) = preSolution
		Debug|Any CPU = Debug|Any CPU
		Release|Any CPU = Release|Any CPU
	EndGlobalSection
	GlobalSection(ProjectConfigurationPlatforms) = postSolution
		{8E53A38F-9BC8-49E1-82E3-0FEEC09A88B6}.Debug|Any CPU.ActiveCfg = Debug|Any CPU
		{8E53A38F-9BC8-49E1-82E3-0FEEC09A88B6}.Debug|Any CPU.Build.0 = Debug|Any CPU
		{8E53A38F-9BC8-49E1-82E3-0FEEC09A88B6}.Release|Any CPU.ActiveCfg = Release|Any CPU
		{8E53A38F-9BC8-49E1-82E3-0FEEC09A88B6}.Release|Any CPU.Build.0 = Release|Any CPU
		{629603E1-9EC7-47EA-9CE9-BD1192AF8BBC}.Debug|Any CPU.ActiveCfg = Debug|Any CPU
		{629603E1-9EC7-47EA-9CE9-BD1192AF8BBC}.Debug|Any CPU.Build.0 = Debug|Any CPU
		{629603E1-9EC7-47EA-9CE9-BD1192AF8BBC}.Release|Any CPU.ActiveCfg = Release|Any CPU
		{629603E1-9EC7-47EA-9CE9-BD1192AF8BBC}.Release|Any CPU.Build.0 = Release|Any CPU
		{FB5ACF18-005D-4342-89F3-02AF28DEECD7}.Debug|Any CPU.ActiveCfg = Debug|Any CPU
		{FB5ACF18-005D-4342-89F3-02AF28DEECD7}.Debug|Any CPU.Build.0 = Debug|Any CPU
		{FB5ACF18-005D-4342-89F3-02AF28DEECD7}.Release|Any CPU.ActiveCfg = Release|Any CPU
		{FB5ACF18-005D-4342-89F3-02AF28DEECD7}.Release|Any CPU.Build.0 = Release|Any CPU
		{26A1B736-D2D6-4D7F-B540-0607D78DD906}.Debug|Any CPU.ActiveCfg = Debug|Any CPU
		{26A1B736-D2D6-4D7F-B540-0607D78DD906}.Debug|Any CPU.Build.0 = Debug|Any CPU
		{26A1B736-D2D6-4D7F-B540-0607D78DD906}.Release|Any CPU.ActiveCfg = Release|Any CPU
		{26A1B736-D2D6-4D7F-B540-0607D78DD906}.Release|Any CPU.Build.0 = Release|Any CPU
	EndGlobalSection
	GlobalSection(SolutionProperties) = preSolution
		HideSolutionNode = FALSE
	EndGlobalSection
	GlobalSection(ExtensibilityGlobals) = postSolution
		SolutionGuid = {B63D241A-73F7-4B83-8BE4-3AF6896AC9B7}
	EndGlobalSection
EndGlobal
